
Microsoft Visual Studio Solution File, Format Version 12.00
# Visual Studio Version 16
VisualStudioVersion = 16.0.30907.101
MinimumVisualStudioVersion = 10.0.40219.1
Project("{FAE04EC0-301F-11D3-BF4B-00C04F79EFBC}") = "GameCenterDemo", "GameCenterDemo\GameCenterDemo.csproj", "{408DDEA5-19E2-4310-9185-F708A5289D7E}"
EndProject
Global
	GlobalSection(SolutionConfigurationPlatforms) = preSolution
		Debug|Any CPU = Debug|Any CPU
		Release|Any CPU = Release|Any CPU
	EndGlobalSection
	GlobalSection(ProjectConfigurationPlatforms) = postSolution
		{408DDEA5-19E2-4310-9185-F708A5289D7E}.Debug|Any CPU.ActiveCfg = Debug|Any CPU
		{408DDEA5-19E2-4310-9185-F708A5289D7E}.Debug|Any CPU.Build.0 = Debug|Any CPU
		{408DDEA5-19E2-4310-9185-F708A5289D7E}.Release|Any CPU.ActiveCfg = Release|Any CPU
		{408DDEA5-19E2-4310-9185-F708A5289D7E}.Release|Any CPU.Build.0 = Release|Any CPU
	EndGlobalSection
	GlobalSection(SolutionProperties) = preSolution
		HideSolutionNode = FALSE
	EndGlobalSection
	GlobalSection(ExtensibilityGlobals) = postSolution
		SolutionGuid = {39F027EC-78D7-4AE0-869C-EA70328E8ADD}
	EndGlobalSection
EndGlobal
